
Microsoft Visual Studio Solution File, Format Version 12.00
# Visual Studio Version 16
VisualStudioVersion = 16.0.30413.136
MinimumVisualStudioVersion = 10.0.40219.1
Project("{8BC9CEB8-8B4A-11D0-8D11-00A0C91BC942}") = "20201332P1", "20201332P1.vcxproj", "{043E307F-D048-4185-BD5B-E62629A3CF75}"
EndProject
Global
	GlobalSection(SolutionConfigurationPlatforms) = preSolution
		Debug|x64 = Debug|x64
		Debug|x86 = Debug|x86
		Release|x64 = Release|x64
		Release|x86 = Release|x86
	EndGlobalSection
	GlobalSection(ProjectConfigurationPlatforms) = postSolution
		{043E307F-D048-4185-BD5B-E62629A3CF75}.Debug|x64.ActiveCfg = Debug|x64
		{043E307F-D048-4185-BD5B-E62629A3CF75}.Debug|x64.Build.0 = Debug|x64
		{043E307F-D048-4185-BD5B-E62629A3CF75}.Debug|x86.ActiveCfg = Debug|Win32
		{043E307F-D048-4185-BD5B-E62629A3CF75}.Debug|x86.Build.0 = Debug|Win32
		{043E307F-D048-4185-BD5B-E62629A3CF75}.Release|x64.ActiveCfg = Release|x64
		{043E307F-D048-4185-BD5B-E62629A3CF75}.Release|x64.Build.0 = Release|x64
		{043E307F-D048-4185-BD5B-E62629A3CF75}.Release|x86.ActiveCfg = Release|Win32
		{043E307F-D048-4185-BD5B-E62629A3CF75}.Release|x86.Build.0 = Release|Win32
	EndGlobalSection
	GlobalSection(SolutionProperties) = preSolution
		HideSolutionNode = FALSE
	EndGlobalSection
	GlobalSection(ExtensibilityGlobals) = postSolution
		SolutionGuid = {651DE322-D2F2-436D-8403-4D0681B3F8A1}
	EndGlobalSection
EndGlobal
